// !$*UTF8*$!
{
	archiveVersion = 1;
	classes = {
	};
	objectVersion = 77;
	objects = {

/* Begin PBXBuildFile section */
		D2028A152EC60272005D4D4E /* StravaService.swift in Sources */ = {isa = PBXBuildFile; fileRef = D2028A112EC5FDE0005D4D4E /* StravaService.swift */; };
		D2028A162EC6027E005D4D4E /* PowerZone.swift in Sources */ = {isa = PBXBuildFile; fileRef = D2028A122EC5FE4B005D4D4E /* PowerZone.swift */; };
		D2028A172EC60284005D4D4E /* StravaAuthView.swift in Sources */ = {isa = PBXBuildFile; fileRef = D2028A132EC5FE77005D4D4E /* StravaAuthView.swift */; };
		D2028A182EC60288005D4D4E /* HomeView.swift in Sources */ = {isa = PBXBuildFile; fileRef = D2028A142EC5FF94005D4D4E /* HomeView.swift */; };
		D20A3F342EC78457003FD86B /* MainTabView.swift in Sources */ = {isa = PBXBuildFile; fileRef = D20A3F332EC78455003FD86B /* MainTabView.swift */; };
		D20A3F362EC7848C003FD86B /*  TTEView.swift in Sources */ = {isa = PBXBuildFile; fileRef = D20A3F352EC7848B003FD86B /*  TTEView.swift */; };
		D20A3F382EC78684003FD86B /* CyclistProfileView.swift in Sources */ = {isa = PBXBuildFile; fileRef = D20A3F372EC78682003FD86B /* CyclistProfileView.swift */; };
		D2421F492EC87444003D4CF8 /* CoachView.swift in Sources */ = {isa = PBXBuildFile; fileRef = D2421F482EC87442003D4CF8 /* CoachView.swift */; };
		D27CBDCE2EC683330059E87D /* UserProfile.swift in Sources */ = {isa = PBXBuildFile; fileRef = D27CBDCD2EC683270059E87D /* UserProfile.swift */; };
		D27CBDD02EC683800059E87D /* SettingsView.swift in Sources */ = {isa = PBXBuildFile; fileRef = D27CBDCF2EC6837C0059E87D /* SettingsView.swift */; };
		D27CBDD22EC685050059E87D /* PowerCurveView.swift in Sources */ = {isa = PBXBuildFile; fileRef = D27CBDD12EC684F80059E87D /* PowerCurveView.swift */; };
/* End PBXBuildFile section */

/* Begin PBXContainerItemProxy section */
		D20289EE2EC5FB18005D4D4E /* PBXContainerItemProxy */ = {
			isa = PBXContainerItemProxy;
			containerPortal = D20289D82EC5FB15005D4D4E /* Project object */;
			proxyType = 1;
			remoteGlobalIDString = D20289DF2EC5FB15005D4D4E;
			remoteInfo = Wattlet;
		};
		D20289F82EC5FB18005D4D4E /* PBXContainerItemProxy */ = {
			isa = PBXContainerItemProxy;
			containerPortal = D20289D82EC5FB15005D4D4E /* Project object */;
			proxyType = 1;
			remoteGlobalIDString = D20289DF2EC5FB15005D4D4E;
			remoteInfo = Wattlet;
		};
/* End PBXContainerItemProxy section */

/* Begin PBXFileReference section */
		D20289E02EC5FB15005D4D4E /* Wattlet.app */ = {isa = PBXFileReference; explicitFileType = wrapper.application; includeInIndex = 0; path = Wattlet.app; sourceTree = BUILT_PRODUCTS_DIR; };
		D20289ED2EC5FB18005D4D4E /* WattletTests.xctest */ = {isa = PBXFileReference; explicitFileType = wrapper.cfbundle; includeInIndex = 0; path = WattletTests.xctest; sourceTree = BUILT_PRODUCTS_DIR; };
		D20289F72EC5FB18005D4D4E /* WattletUITests.xctest */ = {isa = PBXFileReference; explicitFileType = wrapper.cfbundle; includeInIndex = 0; path = WattletUITests.xctest; sourceTree = BUILT_PRODUCTS_DIR; };
		D2028A112EC5FDE0005D4D4E /* StravaService.swift */ = {isa = PBXFileReference; lastKnownFileType = sourcecode.swift; path = StravaService.swift; sourceTree = "<group>"; };
		D2028A122EC5FE4B005D4D4E /* PowerZone.swift */ = {isa = PBXFileReference; lastKnownFileType = sourcecode.swift; path = PowerZone.swift; sourceTree = "<group>"; };
		D2028A132EC5FE77005D4D4E /* StravaAuthView.swift */ = {isa = PBXFileReference; lastKnownFileType = sourcecode.swift; path = StravaAuthView.swift; sourceTree = "<group>"; };
		D2028A142EC5FF94005D4D4E /* HomeView.swift */ = {isa = PBXFileReference; lastKnownFileType = sourcecode.swift; path = HomeView.swift; sourceTree = "<group>"; };
		D20A3F332EC78455003FD86B /* MainTabView.swift */ = {isa = PBXFileReference; lastKnownFileType = sourcecode.swift; path = MainTabView.swift; sourceTree = "<group>"; };
		D20A3F352EC7848B003FD86B /*  TTEView.swift */ = {isa = PBXFileReference; lastKnownFileType = sourcecode.swift; path = " TTEView.swift"; sourceTree = "<group>"; };
		D20A3F372EC78682003FD86B /* CyclistProfileView.swift */ = {isa = PBXFileReference; lastKnownFileType = sourcecode.swift; path = CyclistProfileView.swift; sourceTree = "<group>"; };
		D2421F482EC87442003D4CF8 /* CoachView.swift */ = {isa = PBXFileReference; lastKnownFileType = sourcecode.swift; path = CoachView.swift; sourceTree = "<group>"; };
		D27CBDCD2EC683270059E87D /* UserProfile.swift */ = {isa = PBXFileReference; lastKnownFileType = sourcecode.swift; path = UserProfile.swift; sourceTree = "<group>"; };
		D27CBDCF2EC6837C0059E87D /* SettingsView.swift */ = {isa = PBXFileReference; lastKnownFileType = sourcecode.swift; path = SettingsView.swift; sourceTree = "<group>"; };
		D27CBDD12EC684F80059E87D /* PowerCurveView.swift */ = {isa = PBXFileReference; lastKnownFileType = sourcecode.swift; path = PowerCurveView.swift; sourceTree = "<group>"; };
/* End PBXFileReference section */

/* Begin PBXFileSystemSynchronizedBuildFileExceptionSet section */
		D2028A1A2EC606C9005D4D4E /* Exceptions for "Wattlet" folder in "Wattlet" target */ = {
			isa = PBXFileSystemSynchronizedBuildFileExceptionSet;
			membershipExceptions = (
				Info.plist,
			);
			target = D20289DF2EC5FB15005D4D4E /* Wattlet */;
		};
/* End PBXFileSystemSynchronizedBuildFileExceptionSet section */

/* Begin PBXFileSystemSynchronizedRootGroup section */
		D20289E22EC5FB15005D4D4E /* Wattlet */ = {
			isa = PBXFileSystemSynchronizedRootGroup;
			exceptions = (
				D2028A1A2EC606C9005D4D4E /* Exceptions for "Wattlet" folder in "Wattlet" target */,
			);
			path = Wattlet;
			sourceTree = "<group>";
		};
		D20289F02EC5FB18005D4D4E /* WattletTests */ = {
			isa = PBXFileSystemSynchronizedRootGroup;
			path = WattletTests;
			sourceTree = "<group>";
		};
		D20289FA2EC5FB18005D4D4E /* WattletUITests */ = {
			isa = PBXFileSystemSynchronizedRootGroup;
			path = WattletUITests;
			sourceTree = "<group>";
		};
/* End PBXFileSystemSynchronizedRootGroup section */

/* Begin PBXFrameworksBuildPhase section */
		D20289DD2EC5FB15005D4D4E /* Frameworks */ = {
			isa = PBXFrameworksBuildPhase;
			buildActionMask = 2147483647;
			files = (
			);
			runOnlyForDeploymentPostprocessing = 0;
		};
		D20289EA2EC5FB18005D4D4E /* Frameworks */ = {
			isa = PBXFrameworksBuildPhase;
			buildActionMask = 2147483647;
			files = (
			);
			runOnlyForDeploymentPostprocessing = 0;
		};
		D20289F42EC5FB18005D4D4E /* Frameworks */ = {
			isa = PBXFrameworksBuildPhase;
			buildActionMask = 2147483647;
			files = (
			);
			runOnlyForDeploymentPostprocessing = 0;
		};
/* End PBXFrameworksBuildPhase section */

/* Begin PBXGroup section */
		D20289D72EC5FB15005D4D4E = {
			isa = PBXGroup;
			children = (
				D20289E22EC5FB15005D4D4E /* Wattlet */,
				D2028A102EC5FD05005D4D4E /* ViewModels */,
				D2028A0E2EC5FC96005D4D4E /* Views */,
				D2028A0D2EC5FC8F005D4D4E /* Models */,
				D2028A0F2EC5FCAC005D4D4E /* Services */,
				D20289F02EC5FB18005D4D4E /* WattletTests */,
				D20289FA2EC5FB18005D4D4E /* WattletUITests */,
				D20289E12EC5FB15005D4D4E /* Products */,
			);
			sourceTree = "<group>";
		};
		D20289E12EC5FB15005D4D4E /* Products */ = {
			isa = PBXGroup;
			children = (
				D20289E02EC5FB15005D4D4E /* Wattlet.app */,
				D20289ED2EC5FB18005D4D4E /* WattletTests.xctest */,
				D20289F72EC5FB18005D4D4E /* WattletUITests.xctest */,
			);
			name = Products;
			sourceTree = "<group>";
		};
		D2028A0D2EC5FC8F005D4D4E /* Models */ = {
			isa = PBXGroup;
			children = (
				D27CBDCD2EC683270059E87D /* UserProfile.swift */,
				D2028A122EC5FE4B005D4D4E /* PowerZone.swift */,
			);
			path = Models;
			sourceTree = "<group>";
		};
		D2028A0E2EC5FC96005D4D4E /* Views */ = {
			isa = PBXGroup;
			children = (
				D2421F482EC87442003D4CF8 /* CoachView.swift */,
				D20A3F372EC78682003FD86B /* CyclistProfileView.swift */,
				D20A3F352EC7848B003FD86B /*  TTEView.swift */,
				D20A3F332EC78455003FD86B /* MainTabView.swift */,
				D27CBDD12EC684F80059E87D /* PowerCurveView.swift */,
				D27CBDCF2EC6837C0059E87D /* SettingsView.swift */,
				D2028A142EC5FF94005D4D4E /* HomeView.swift */,
				D2028A132EC5FE77005D4D4E /* StravaAuthView.swift */,
			);
			path = Views;
			sourceTree = "<group>";
		};
		D2028A0F2EC5FCAC005D4D4E /* Services */ = {
			isa = PBXGroup;
			children = (
				D2028A112EC5FDE0005D4D4E /* StravaService.swift */,
			);
			path = Services;
			sourceTree = "<group>";
		};
		D2028A102EC5FD05005D4D4E /* ViewModels */ = {
			isa = PBXGroup;
			children = (
			);
			path = ViewModels;
			sourceTree = "<group>";
		};
/* End PBXGroup section */

/* Begin PBXNativeTarget section */
		D20289DF2EC5FB15005D4D4E /* Wattlet */ = {
			isa = PBXNativeTarget;
			buildConfigurationList = D2028A012EC5FB18005D4D4E /* Build configuration list for PBXNativeTarget "Wattlet" */;
			buildPhases = (
				D20289DC2EC5FB15005D4D4E /* Sources */,
				D20289DD2EC5FB15005D4D4E /* Frameworks */,
				D20289DE2EC5FB15005D4D4E /* Resources */,
			);
			buildRules = (
			);
			dependencies = (
			);
			fileSystemSynchronizedGroups = (
				D20289E22EC5FB15005D4D4E /* Wattlet */,
			);
			name = Wattlet;
			packageProductDependencies = (
			);
			productName = Wattlet;
			productReference = D20289E02EC5FB15005D4D4E /* Wattlet.app */;
			productType = "com.apple.product-type.application";
		};
		D20289EC2EC5FB18005D4D4E /* WattletTests */ = {
			isa = PBXNativeTarget;
			buildConfigurationList = D2028A042EC5FB18005D4D4E /* Build configuration list for PBXNativeTarget "WattletTests" */;
			buildPhases = (
				D20289E92EC5FB18005D4D4E /* Sources */,
				D20289EA2EC5FB18005D4D4E /* Frameworks */,
				D20289EB2EC5FB18005D4D4E /* Resources */,
			);
			buildRules = (
			);
			dependencies = (
				D20289EF2EC5FB18005D4D4E /* PBXTargetDependency */,
			);
			fileSystemSynchronizedGroups = (
				D20289F02EC5FB18005D4D4E /* WattletTests */,
			);
			name = WattletTests;
			packageProductDependencies = (
			);
			productName = WattletTests;
			productReference = D20289ED2EC5FB18005D4D4E /* WattletTests.xctest */;
			productType = "com.apple.product-type.bundle.unit-test";
		};
		D20289F62EC5FB18005D4D4E /* WattletUITests */ = {
			isa = PBXNativeTarget;
			buildConfigurationList = D2028A072EC5FB18005D4D4E /* Build configuration list for PBXNativeTarget "WattletUITests" */;
			buildPhases = (
				D20289F32EC5FB18005D4D4E /* Sources */,
				D20289F42EC5FB18005D4D4E /* Frameworks */,
				D20289F52EC5FB18005D4D4E /* Resources */,
			);
			buildRules = (
			);
			dependencies = (
				D20289F92EC5FB18005D4D4E /* PBXTargetDependency */,
			);
			fileSystemSynchronizedGroups = (
				D20289FA2EC5FB18005D4D4E /* WattletUITests */,
			);
			name = WattletUITests;
			packageProductDependencies = (
			);
			productName = WattletUITests;
			productReference = D20289F72EC5FB18005D4D4E /* WattletUITests.xctest */;
			productType = "com.apple.product-type.bundle.ui-testing";
		};
/* End PBXNativeTarget section */

/* Begin PBXProject section */
		D20289D82EC5FB15005D4D4E /* Project object */ = {
			isa = PBXProject;
			attributes = {
				BuildIndependentTargetsInParallel = 1;
				LastSwiftUpdateCheck = 2610;
				LastUpgradeCheck = 2610;
				TargetAttributes = {
					D20289DF2EC5FB15005D4D4E = {
						CreatedOnToolsVersion = 26.1.1;
					};
					D20289EC2EC5FB18005D4D4E = {
						CreatedOnToolsVersion = 26.1.1;
						TestTargetID = D20289DF2EC5FB15005D4D4E;
					};
					D20289F62EC5FB18005D4D4E = {
						CreatedOnToolsVersion = 26.1.1;
						TestTargetID = D20289DF2EC5FB15005D4D4E;
					};
				};
			};
			buildConfigurationList = D20289DB2EC5FB15005D4D4E /* Build configuration list for PBXProject "Wattlet" */;
			developmentRegion = en;
			hasScannedForEncodings = 0;
			knownRegions = (
				en,
				Base,
			);
			mainGroup = D20289D72EC5FB15005D4D4E;
			minimizedProjectReferenceProxies = 1;
			preferredProjectObjectVersion = 77;
			productRefGroup = D20289E12EC5FB15005D4D4E /* Products */;
			projectDirPath = "";
			projectRoot = "";
			targets = (
				D20289DF2EC5FB15005D4D4E /* Wattlet */,
				D20289EC2EC5FB18005D4D4E /* WattletTests */,
				D20289F62EC5FB18005D4D4E /* WattletUITests */,
			);
		};
/* End PBXProject section */

/* Begin PBXResourcesBuildPhase section */
		D20289DE2EC5FB15005D4D4E /* Resources */ = {
			isa = PBXResourcesBuildPhase;
			buildActionMask = 2147483647;
			files = (
			);
			runOnlyForDeploymentPostprocessing = 0;
		};
		D20289EB2EC5FB18005D4D4E /* Resources */ = {
			isa = PBXResourcesBuildPhase;
			buildActionMask = 2147483647;
			files = (
			);
			runOnlyForDeploymentPostprocessing = 0;
		};
		D20289F52EC5FB18005D4D4E /* Resources */ = {
			isa = PBXResourcesBuildPhase;
			buildActionMask = 2147483647;
			files = (
			);
			runOnlyForDeploymentPostprocessing = 0;
		};
/* End PBXResourcesBuildPhase section */

/* Begin PBXSourcesBuildPhase section */
		D20289DC2EC5FB15005D4D4E /* Sources */ = {
			isa = PBXSourcesBuildPhase;
			buildActionMask = 2147483647;
			files = (
				D2028A172EC60284005D4D4E /* StravaAuthView.swift in Sources */,
				D27CBDD02EC683800059E87D /* SettingsView.swift in Sources */,
				D2028A152EC60272005D4D4E /* StravaService.swift in Sources */,
				D27CBDCE2EC683330059E87D /* UserProfile.swift in Sources */,
				D2028A182EC60288005D4D4E /* HomeView.swift in Sources */,
				D2028A162EC6027E005D4D4E /* PowerZone.swift in Sources */,
				D27CBDD22EC685050059E87D /* PowerCurveView.swift in Sources */,
				D20A3F362EC7848C003FD86B /*  TTEView.swift in Sources */,
				D20A3F382EC78684003FD86B /* CyclistProfileView.swift in Sources */,
				D20A3F342EC78457003FD86B /* MainTabView.swift in Sources */,
				D2421F492EC87444003D4CF8 /* CoachView.swift in Sources */,
			);
			runOnlyForDeploymentPostprocessing = 0;
		};
		D20289E92EC5FB18005D4D4E /* Sources */ = {
			isa = PBXSourcesBuildPhase;
			buildActionMask = 2147483647;
			files = (
			);
			runOnlyForDeploymentPostprocessing = 0;
		};
		D20289F32EC5FB18005D4D4E /* Sources */ = {
			isa = PBXSourcesBuildPhase;
			buildActionMask = 2147483647;
			files = (
			);
			runOnlyForDeploymentPostprocessing = 0;
		};
/* End PBXSourcesBuildPhase section */

/* Begin PBXTargetDependency section */
		D20289EF2EC5FB18005D4D4E /* PBXTargetDependency */ = {
			isa = PBXTargetDependency;
			target = D20289DF2EC5FB15005D4D4E /* Wattlet */;
			targetProxy = D20289EE2EC5FB18005D4D4E /* PBXContainerItemProxy */;
		};
		D20289F92EC5FB18005D4D4E /* PBXTargetDependency */ = {
			isa = PBXTargetDependency;
			target = D20289DF2EC5FB15005D4D4E /* Wattlet */;
			targetProxy = D20289F82EC5FB18005D4D4E /* PBXContainerItemProxy */;
		};
/* End PBXTargetDependency section */

/* Begin XCBuildConfiguration section */
		D20289FF2EC5FB18005D4D4E /* Debug */ = {
			isa = XCBuildConfiguration;
			buildSettings = {
				ALWAYS_SEARCH_USER_PATHS = NO;
				ASSETCATALOG_COMPILER_GENERATE_SWIFT_ASSET_SYMBOL_EXTENSIONS = YES;
				CLANG_ANALYZER_NONNULL = YES;
				CLANG_ANALYZER_NUMBER_OBJECT_CONVERSION = YES_AGGRESSIVE;
				CLANG_CXX_LANGUAGE_STANDARD = "gnu++20";
				CLANG_ENABLE_MODULES = YES;
				CLANG_ENABLE_OBJC_ARC = YES;
				CLANG_ENABLE_OBJC_WEAK = YES;
				CLANG_WARN_BLOCK_CAPTURE_AUTORELEASING = YES;
				CLANG_WARN_BOOL_CONVERSION = YES;
				CLANG_WARN_COMMA = YES;
				CLANG_WARN_CONSTANT_CONVERSION = YES;
				CLANG_WARN_DEPRECATED_OBJC_IMPLEMENTATIONS = YES;
				CLANG_WARN_DIRECT_OBJC_ISA_USAGE = YES_ERROR;
				CLANG_WARN_DOCUMENTATION_COMMENTS = YES;
				CLANG_WARN_EMPTY_BODY = YES;
				CLANG_WARN_ENUM_CONVERSION = YES;
				CLANG_WARN_INFINITE_RECURSION = YES;
				CLANG_WARN_INT_CONVERSION = YES;
				CLANG_WARN_NON_LITERAL_NULL_CONVERSION = YES;
				CLANG_WARN_OBJC_IMPLICIT_RETAIN_SELF = YES;
				CLANG_WARN_OBJC_LITERAL_CONVERSION = YES;
				CLANG_WARN_OBJC_ROOT_CLASS = YES_ERROR;
				CLANG_WARN_QUOTED_INCLUDE_IN_FRAMEWORK_HEADER = YES;
				CLANG_WARN_RANGE_LOOP_ANALYSIS = YES;
				CLANG_WARN_STRICT_PROTOTYPES = YES;
				CLANG_WARN_SUSPICIOUS_MOVE = YES;
				CLANG_WARN_UNGUARDED_AVAILABILITY = YES_AGGRESSIVE;
				CLANG_WARN_UNREACHABLE_CODE = YES;
				CLANG_WARN__DUPLICATE_METHOD_MATCH = YES;
				COPY_PHASE_STRIP = NO;
				DEBUG_INFORMATION_FORMAT = dwarf;
				DEVELOPMENT_TEAM = P8MVK24KF2;
				ENABLE_STRICT_OBJC_MSGSEND = YES;
				ENABLE_TESTABILITY = YES;
				ENABLE_USER_SCRIPT_SANDBOXING = YES;
				GCC_C_LANGUAGE_STANDARD = gnu17;
				GCC_DYNAMIC_NO_PIC = NO;
				GCC_NO_COMMON_BLOCKS = YES;
				GCC_OPTIMIZATION_LEVEL = 0;
				GCC_PREPROCESSOR_DEFINITIONS = (
					"DEBUG=1",
					"$(inherited)",
				);
				GCC_WARN_64_TO_32_BIT_CONVERSION = YES;
				GCC_WARN_ABOUT_RETURN_TYPE = YES_ERROR;
				GCC_WARN_UNDECLARED_SELECTOR = YES;
				GCC_WARN_UNINITIALIZED_AUTOS = YES_AGGRESSIVE;
				GCC_WARN_UNUSED_FUNCTION = YES;
				GCC_WARN_UNUSED_VARIABLE = YES;
				LOCALIZATION_PREFERS_STRING_CATALOGS = YES;
				MTL_ENABLE_DEBUG_INFO = INCLUDE_SOURCE;
				MTL_FAST_MATH = YES;
				ONLY_ACTIVE_ARCH = YES;
				SWIFT_ACTIVE_COMPILATION_CONDITIONS = "DEBUG $(inherited)";
				SWIFT_OPTIMIZATION_LEVEL = "-Onone";
			};
			name = Debug;
		};
		D2028A002EC5FB18005D4D4E /* Release */ = {
			isa = XCBuildConfiguration;
			buildSettings = {
				ALWAYS_SEARCH_USER_PATHS = NO;
				ASSETCATALOG_COMPILER_GENERATE_SWIFT_ASSET_SYMBOL_EXTENSIONS = YES;
				CLANG_ANALYZER_NONNULL = YES;
				CLANG_ANALYZER_NUMBER_OBJECT_CONVERSION = YES_AGGRESSIVE;
				CLANG_CXX_LANGUAGE_STANDARD = "gnu++20";
				CLANG_ENABLE_MODULES = YES;
				CLANG_ENABLE_OBJC_ARC = YES;
				CLANG_ENABLE_OBJC_WEAK = YES;
				CLANG_WARN_BLOCK_CAPTURE_AUTORELEASING = YES;
				CLANG_WARN_BOOL_CONVERSION = YES;
				CLANG_WARN_COMMA = YES;
				CLANG_WARN_CONSTANT_CONVERSION = YES;
				CLANG_WARN_DEPRECATED_OBJC_IMPLEMENTATIONS = YES;
				CLANG_WARN_DIRECT_OBJC_ISA_USAGE = YES_ERROR;
				CLANG_WARN_DOCUMENTATION_COMMENTS = YES;
				CLANG_WARN_EMPTY_BODY = YES;
				CLANG_WARN_ENUM_CONVERSION = YES;
				CLANG_WARN_INFINITE_RECURSION = YES;
				CLANG_WARN_INT_CONVERSION = YES;
				CLANG_WARN_NON_LITERAL_NULL_CONVERSION = YES;
				CLANG_WARN_OBJC_IMPLICIT_RETAIN_SELF = YES;
				CLANG_WARN_OBJC_LITERAL_CONVERSION = YES;
				CLANG_WARN_OBJC_ROOT_CLASS = YES_ERROR;
				CLANG_WARN_QUOTED_INCLUDE_IN_FRAMEWORK_HEADER = YES;
				CLANG_WARN_RANGE_LOOP_ANALYSIS = YES;
				CLANG_WARN_STRICT_PROTOTYPES = YES;
				CLANG_WARN_SUSPICIOUS_MOVE = YES;
				CLANG_WARN_UNGUARDED_AVAILABILITY = YES_AGGRESSIVE;
				CLANG_WARN_UNREACHABLE_CODE = YES;
				CLANG_WARN__DUPLICATE_METHOD_MATCH = YES;
				COPY_PHASE_STRIP = NO;
				DEBUG_INFORMATION_FORMAT = "dwarf-with-dsym";
				DEVELOPMENT_TEAM = P8MVK24KF2;
				ENABLE_NS_ASSERTIONS = NO;
				ENABLE_STRICT_OBJC_MSGSEND = YES;
				ENABLE_USER_SCRIPT_SANDBOXING = YES;
				GCC_C_LANGUAGE_STANDARD = gnu17;
				GCC_NO_COMMON_BLOCKS = YES;
				GCC_WARN_64_TO_32_BIT_CONVERSION = YES;
				GCC_WARN_ABOUT_RETURN_TYPE = YES_ERROR;
				GCC_WARN_UNDECLARED_SELECTOR = YES;
				GCC_WARN_UNINITIALIZED_AUTOS = YES_AGGRESSIVE;
				GCC_WARN_UNUSED_FUNCTION = YES;
				GCC_WARN_UNUSED_VARIABLE = YES;
				LOCALIZATION_PREFERS_STRING_CATALOGS = YES;
				MTL_ENABLE_DEBUG_INFO = NO;
				MTL_FAST_MATH = YES;
				SWIFT_COMPILATION_MODE = wholemodule;
			};
			name = Release;
		};
		D2028A022EC5FB18005D4D4E /* Debug */ = {
			isa = XCBuildConfiguration;
			buildSettings = {
				ASSETCATALOG_COMPILER_APPICON_NAME = AppIcon;
				ASSETCATALOG_COMPILER_GLOBAL_ACCENT_COLOR_NAME = AccentColor;
				CODE_SIGN_STYLE = Automatic;
				CURRENT_PROJECT_VERSION = 1;
				DEVELOPMENT_TEAM = P8MVK24KF2;
				ENABLE_APP_SANDBOX = YES;
				ENABLE_HARDENED_RUNTIME = YES;
				ENABLE_PREVIEWS = YES;
				ENABLE_USER_SELECTED_FILES = readonly;
				GENERATE_INFOPLIST_FILE = YES;
				INFOPLIST_FILE = Wattlet/Info.plist;
				INFOPLIST_KEY_LSApplicationCategoryType = "public.app-category.healthcare-fitness";
				"INFOPLIST_KEY_UIApplicationSceneManifest_Generation[sdk=iphoneos*]" = YES;
				"INFOPLIST_KEY_UIApplicationSceneManifest_Generation[sdk=iphonesimulator*]" = YES;
				"INFOPLIST_KEY_UIApplicationSupportsIndirectInputEvents[sdk=iphoneos*]" = YES;
				"INFOPLIST_KEY_UIApplicationSupportsIndirectInputEvents[sdk=iphonesimulator*]" = YES;
				"INFOPLIST_KEY_UILaunchScreen_Generation[sdk=iphoneos*]" = YES;
				"INFOPLIST_KEY_UILaunchScreen_Generation[sdk=iphonesimulator*]" = YES;
				"INFOPLIST_KEY_UIStatusBarStyle[sdk=iphoneos*]" = UIStatusBarStyleDefault;
				"INFOPLIST_KEY_UIStatusBarStyle[sdk=iphonesimulator*]" = UIStatusBarStyleDefault;
				INFOPLIST_KEY_UISupportedInterfaceOrientations_iPad = "UIInterfaceOrientationPortrait UIInterfaceOrientationPortraitUpsideDown UIInterfaceOrientationLandscapeLeft UIInterfaceOrientationLandscapeRight";
				INFOPLIST_KEY_UISupportedInterfaceOrientations_iPhone = "UIInterfaceOrientationPortrait UIInterfaceOrientationLandscapeLeft UIInterfaceOrientationLandscapeRight";
				IPHONEOS_DEPLOYMENT_TARGET = 26.0;
				LD_RUNPATH_SEARCH_PATHS = "@executable_path/Frameworks";
				"LD_RUNPATH_SEARCH_PATHS[sdk=macosx*]" = "@executable_path/../Frameworks";
				MACOSX_DEPLOYMENT_TARGET = 26.1;
				MARKETING_VERSION = 1.0;
				PRODUCT_BUNDLE_IDENTIFIER = com.paoloacx.wattlet.Wattlet;
				PRODUCT_NAME = "$(TARGET_NAME)";
				REGISTER_APP_GROUPS = YES;
				SDKROOT = auto;
				STRING_CATALOG_GENERATE_SYMBOLS = YES;
				SUPPORTED_PLATFORMS = "iphoneos iphonesimulator macosx xros xrsimulator";
				SWIFT_APPROACHABLE_CONCURRENCY = YES;
				SWIFT_DEFAULT_ACTOR_ISOLATION = MainActor;
				SWIFT_EMIT_LOC_STRINGS = YES;
				SWIFT_UPCOMING_FEATURE_MEMBER_IMPORT_VISIBILITY = YES;
				SWIFT_VERSION = 5.0;
				TARGETED_DEVICE_FAMILY = "1,2,7";
				XROS_DEPLOYMENT_TARGET = 26.1;
			};
			name = Debug;
		};
		D2028A032EC5FB18005D4D4E /* Release */ = {
			isa = XCBuildConfiguration;
			buildSettings = {
				ASSETCATALOG_COMPILER_APPICON_NAME = AppIcon;
				ASSETCATALOG_COMPILER_GLOBAL_ACCENT_COLOR_NAME = AccentColor;
				CODE_SIGN_STYLE = Automatic;
				CURRENT_PROJECT_VERSION = 1;
				DEVELOPMENT_TEAM = P8MVK24KF2;
				ENABLE_APP_SANDBOX = YES;
				ENABLE_HARDENED_RUNTIME = YES;
				ENABLE_PREVIEWS = YES;
				ENABLE_USER_SELECTED_FILES = readonly;
				GENERATE_INFOPLIST_FILE = YES;
				INFOPLIST_FILE = Wattlet/Info.plist;
				INFOPLIST_KEY_LSApplicationCategoryType = "public.app-category.healthcare-fitness";
				"INFOPLIST_KEY_UIApplicationSceneManifest_Generation[sdk=iphoneos*]" = YES;
				"INFOPLIST_KEY_UIApplicationSceneManifest_Generation[sdk=iphonesimulator*]" = YES;
				"INFOPLIST_KEY_UIApplicationSupportsIndirectInputEvents[sdk=iphoneos*]" = YES;
				"INFOPLIST_KEY_UIApplicationSupportsIndirectInputEvents[sdk=iphonesimulator*]" = YES;
				"INFOPLIST_KEY_UILaunchScreen_Generation[sdk=iphoneos*]" = YES;
				"INFOPLIST_KEY_UILaunchScreen_Generation[sdk=iphonesimulator*]" = YES;
				"INFOPLIST_KEY_UIStatusBarStyle[sdk=iphoneos*]" = UIStatusBarStyleDefault;
				"INFOPLIST_KEY_UIStatusBarStyle[sdk=iphonesimulator*]" = UIStatusBarStyleDefault;
				INFOPLIST_KEY_UISupportedInterfaceOrientations_iPad = "UIInterfaceOrientationPortrait UIInterfaceOrientationPortraitUpsideDown UIInterfaceOrientationLandscapeLeft UIInterfaceOrientationLandscapeRight";
				INFOPLIST_KEY_UISupportedInterfaceOrientations_iPhone = "UIInterfaceOrientationPortrait UIInterfaceOrientationLandscapeLeft UIInterfaceOrientationLandscapeRight";
				IPHONEOS_DEPLOYMENT_TARGET = 26.0;
				LD_RUNPATH_SEARCH_PATHS = "@executable_path/Frameworks";
				"LD_RUNPATH_SEARCH_PATHS[sdk=macosx*]" = "@executable_path/../Frameworks";
				MACOSX_DEPLOYMENT_TARGET = 26.1;
				MARKETING_VERSION = 1.0;
				PRODUCT_BUNDLE_IDENTIFIER = com.paoloacx.wattlet.Wattlet;
				PRODUCT_NAME = "$(TARGET_NAME)";
				REGISTER_APP_GROUPS = YES;
				SDKROOT = auto;
				STRING_CATALOG_GENERATE_SYMBOLS = YES;
				SUPPORTED_PLATFORMS = "iphoneos iphonesimulator macosx xros xrsimulator";
				SWIFT_APPROACHABLE_CONCURRENCY = YES;
				SWIFT_DEFAULT_ACTOR_ISOLATION = MainActor;
				SWIFT_EMIT_LOC_STRINGS = YES;
				SWIFT_UPCOMING_FEATURE_MEMBER_IMPORT_VISIBILITY = YES;
				SWIFT_VERSION = 5.0;
				TARGETED_DEVICE_FAMILY = "1,2,7";
				XROS_DEPLOYMENT_TARGET = 26.1;
			};
			name = Release;
		};
		D2028A052EC5FB18005D4D4E /* Debug */ = {
			isa = XCBuildConfiguration;
			buildSettings = {
				BUNDLE_LOADER = "$(TEST_HOST)";
				CODE_SIGN_STYLE = Automatic;
				CURRENT_PROJECT_VERSION = 1;
				DEVELOPMENT_TEAM = P8MVK24KF2;
				GENERATE_INFOPLIST_FILE = YES;
				IPHONEOS_DEPLOYMENT_TARGET = 26.1;
				MACOSX_DEPLOYMENT_TARGET = 26.1;
				MARKETING_VERSION = 1.0;
				PRODUCT_BUNDLE_IDENTIFIER = com.paoloacx.wattlet.WattletTests;
				PRODUCT_NAME = "$(TARGET_NAME)";
				SDKROOT = auto;
				STRING_CATALOG_GENERATE_SYMBOLS = NO;
				SUPPORTED_PLATFORMS = "iphoneos iphonesimulator macosx xros xrsimulator";
				SWIFT_APPROACHABLE_CONCURRENCY = YES;
				SWIFT_EMIT_LOC_STRINGS = NO;
				SWIFT_UPCOMING_FEATURE_MEMBER_IMPORT_VISIBILITY = YES;
				SWIFT_VERSION = 5.0;
				TARGETED_DEVICE_FAMILY = "1,2,7";
				TEST_HOST = "$(BUILT_PRODUCTS_DIR)/Wattlet.app/$(BUNDLE_EXECUTABLE_FOLDER_PATH)/Wattlet";
				XROS_DEPLOYMENT_TARGET = 26.1;
			};
			name = Debug;
		};
		D2028A062EC5FB18005D4D4E /* Release */ = {
			isa = XCBuildConfiguration;
			buildSettings = {
				BUNDLE_LOADER = "$(TEST_HOST)";
				CODE_SIGN_STYLE = Automatic;
				CURRENT_PROJECT_VERSION = 1;
				DEVELOPMENT_TEAM = P8MVK24KF2;
				GENERATE_INFOPLIST_FILE = YES;
				IPHONEOS_DEPLOYMENT_TARGET = 26.1;
				MACOSX_DEPLOYMENT_TARGET = 26.1;
				MARKETING_VERSION = 1.0;
				PRODUCT_BUNDLE_IDENTIFIER = com.paoloacx.wattlet.WattletTests;
				PRODUCT_NAME = "$(TARGET_NAME)";
				SDKROOT = auto;
				STRING_CATALOG_GENERATE_SYMBOLS = NO;
				SUPPORTED_PLATFORMS = "iphoneos iphonesimulator macosx xros xrsimulator";
				SWIFT_APPROACHABLE_CONCURRENCY = YES;
				SWIFT_EMIT_LOC_STRINGS = NO;
				SWIFT_UPCOMING_FEATURE_MEMBER_IMPORT_VISIBILITY = YES;
				SWIFT_VERSION = 5.0;
				TARGETED_DEVICE_FAMILY = "1,2,7";
				TEST_HOST = "$(BUILT_PRODUCTS_DIR)/Wattlet.app/$(BUNDLE_EXECUTABLE_FOLDER_PATH)/Wattlet";
				XROS_DEPLOYMENT_TARGET = 26.1;
			};
			name = Release;
		};
		D2028A082EC5FB18005D4D4E /* Debug */ = {
			isa = XCBuildConfiguration;
			buildSettings = {
				CODE_SIGN_STYLE = Automatic;
				CURRENT_PROJECT_VERSION = 1;
				DEVELOPMENT_TEAM = P8MVK24KF2;
				GENERATE_INFOPLIST_FILE = YES;
				IPHONEOS_DEPLOYMENT_TARGET = 26.1;
				MACOSX_DEPLOYMENT_TARGET = 26.1;
				MARKETING_VERSION = 1.0;
				PRODUCT_BUNDLE_IDENTIFIER = com.paoloacx.wattlet.WattletUITests;
				PRODUCT_NAME = "$(TARGET_NAME)";
				SDKROOT = auto;
				STRING_CATALOG_GENERATE_SYMBOLS = NO;
				SUPPORTED_PLATFORMS = "iphoneos iphonesimulator macosx xros xrsimulator";
				SWIFT_APPROACHABLE_CONCURRENCY = YES;
				SWIFT_EMIT_LOC_STRINGS = NO;
				SWIFT_UPCOMING_FEATURE_MEMBER_IMPORT_VISIBILITY = YES;
				SWIFT_VERSION = 5.0;
				TARGETED_DEVICE_FAMILY = "1,2,7";
				TEST_TARGET_NAME = Wattlet;
				XROS_DEPLOYMENT_TARGET = 26.1;
			};
			name = Debug;
		};
		D2028A092EC5FB18005D4D4E /* Release */ = {
			isa = XCBuildConfiguration;
			buildSettings = {
				CODE_SIGN_STYLE = Automatic;
				CURRENT_PROJECT_VERSION = 1;
				DEVELOPMENT_TEAM = P8MVK24KF2;
				GENERATE_INFOPLIST_FILE = YES;
				IPHONEOS_DEPLOYMENT_TARGET = 26.1;
				MACOSX_DEPLOYMENT_TARGET = 26.1;
				MARKETING_VERSION = 1.0;
				PRODUCT_BUNDLE_IDENTIFIER = com.paoloacx.wattlet.WattletUITests;
				PRODUCT_NAME = "$(TARGET_NAME)";
				SDKROOT = auto;
				STRING_CATALOG_GENERATE_SYMBOLS = NO;
				SUPPORTED_PLATFORMS = "iphoneos iphonesimulator macosx xros xrsimulator";
				SWIFT_APPROACHABLE_CONCURRENCY = YES;
				SWIFT_EMIT_LOC_STRINGS = NO;
				SWIFT_UPCOMING_FEATURE_MEMBER_IMPORT_VISIBILITY = YES;
				SWIFT_VERSION = 5.0;
				TARGETED_DEVICE_FAMILY = "1,2,7";
				TEST_TARGET_NAME = Wattlet;
				XROS_DEPLOYMENT_TARGET = 26.1;
			};
			name = Release;
		};
/* End XCBuildConfiguration section */

/* Begin XCConfigurationList section */
		D20289DB2EC5FB15005D4D4E /* Build configuration list for PBXProject "Wattlet" */ = {
			isa = XCConfigurationList;
			buildConfigurations = (
				D20289FF2EC5FB18005D4D4E /* Debug */,
				D2028A002EC5FB18005D4D4E /* Release */,
			);
			defaultConfigurationIsVisible = 0;
			defaultConfigurationName = Release;
		};
		D2028A012EC5FB18005D4D4E /* Build configuration list for PBXNativeTarget "Wattlet" */ = {
			isa = XCConfigurationList;
			buildConfigurations = (
				D2028A022EC5FB18005D4D4E /* Debug */,
				D2028A032EC5FB18005D4D4E /* Release */,
			);
			defaultConfigurationIsVisible = 0;
			defaultConfigurationName = Release;
		};
		D2028A042EC5FB18005D4D4E /* Build configuration list for PBXNativeTarget "WattletTests" */ = {
			isa = XCConfigurationList;
			buildConfigurations = (
				D2028A052EC5FB18005D4D4E /* Debug */,
				D2028A062EC5FB18005D4D4E /* Release */,
			);
			defaultConfigurationIsVisible = 0;
			defaultConfigurationName = Release;
		};
		D2028A072EC5FB18005D4D4E /* Build configuration list for PBXNativeTarget "WattletUITests" */ = {
			isa = XCConfigurationList;
			buildConfigurations = (
				D2028A082EC5FB18005D4D4E /* Debug */,
				D2028A092EC5FB18005D4D4E /* Release */,
			);
			defaultConfigurationIsVisible = 0;
			defaultConfigurationName = Release;
		};
/* End XCConfigurationList section */
	};
	rootObject = D20289D82EC5FB15005D4D4E /* Project object */;
}
